
Microsoft Visual Studio Solution File, Format Version 12.00
# Visual Studio Version 16
VisualStudioVersion = 16.0.30413.136
MinimumVisualStudioVersion = 10.0.40219.1
Project("{9A19103F-16F7-4668-BE54-9A1E7A4F7556}") = "EasySaveAlpha", "EasySaveAlpha.csproj", "{40FA02A7-E0AA-431A-BC71-40EE96A4C148}"
EndProject
Global
	GlobalSection(SolutionConfigurationPlatforms) = preSolution
		Debug|Any CPU = Debug|Any CPU
		Release|Any CPU = Release|Any CPU
	EndGlobalSection
	GlobalSection(ProjectConfigurationPlatforms) = postSolution
		{40FA02A7-E0AA-431A-BC71-40EE96A4C148}.Debug|Any CPU.ActiveCfg = Debug|Any CPU
		{40FA02A7-E0AA-431A-BC71-40EE96A4C148}.Debug|Any CPU.Build.0 = Debug|Any CPU
		{40FA02A7-E0AA-431A-BC71-40EE96A4C148}.Release|Any CPU.ActiveCfg = Release|Any CPU
		{40FA02A7-E0AA-431A-BC71-40EE96A4C148}.Release|Any CPU.Build.0 = Release|Any CPU
	EndGlobalSection
	GlobalSection(SolutionProperties) = preSolution
		HideSolutionNode = FALSE
	EndGlobalSection
	GlobalSection(ExtensibilityGlobals) = postSolution
		SolutionGuid = {304E7DAA-1CE4-436B-ADE9-DA888013FE94}
	EndGlobalSection
EndGlobal
