
Microsoft Visual Studio Solution File, Format Version 12.00
# Visual Studio Version 16
VisualStudioVersion = 16.0.31911.196
MinimumVisualStudioVersion = 10.0.40219.1
Project("{FAE04EC0-301F-11D3-BF4B-00C04F79EFBC}") = "livrable1", "livrable1\livrable1.csproj", "{CED8CC59-57AB-4801-9E64-9ABB76CD203E}"
EndProject
Global
	GlobalSection(SolutionConfigurationPlatforms) = preSolution
		Debug|Any CPU = Debug|Any CPU
		Release|Any CPU = Release|Any CPU
	EndGlobalSection
	GlobalSection(ProjectConfigurationPlatforms) = postSolution
		{CED8CC59-57AB-4801-9E64-9ABB76CD203E}.Debug|Any CPU.ActiveCfg = Debug|Any CPU
		{CED8CC59-57AB-4801-9E64-9ABB76CD203E}.Debug|Any CPU.Build.0 = Debug|Any CPU
		{CED8CC59-57AB-4801-9E64-9ABB76CD203E}.Release|Any CPU.ActiveCfg = Release|Any CPU
		{CED8CC59-57AB-4801-9E64-9ABB76CD203E}.Release|Any CPU.Build.0 = Release|Any CPU
	EndGlobalSection
	GlobalSection(SolutionProperties) = preSolution
		HideSolutionNode = FALSE
	EndGlobalSection
	GlobalSection(ExtensibilityGlobals) = postSolution
		SolutionGuid = {B01AB333-03A0-4052-B47F-D80DEE9591C5}
	EndGlobalSection
EndGlobal
